
Microsoft Visual Studio Solution File, Format Version 12.00
# Visual Studio Version 17
VisualStudioVersion = 17.13.35806.99 d17.13
MinimumVisualStudioVersion = 10.0.40219.1
Project("{FAE04EC0-301F-11D3-BF4B-00C04F79EFBC}") = "PingPongGame", "PingPongGame.csproj", "{134D0625-99A1-4C6D-803E-DCC199FC3992}"
EndProject
Global
	GlobalSection(SolutionConfigurationPlatforms) = preSolution
		Debug|Any CPU = Debug|Any CPU
		Release|Any CPU = Release|Any CPU
	EndGlobalSection
	GlobalSection(ProjectConfigurationPlatforms) = postSolution
		{134D0625-99A1-4C6D-803E-DCC199FC3992}.Debug|Any CPU.ActiveCfg = Debug|Any CPU
		{134D0625-99A1-4C6D-803E-DCC199FC3992}.Debug|Any CPU.Build.0 = Debug|Any CPU
		{134D0625-99A1-4C6D-803E-DCC199FC3992}.Release|Any CPU.ActiveCfg = Release|Any CPU
		{134D0625-99A1-4C6D-803E-DCC199FC3992}.Release|Any CPU.Build.0 = Release|Any CPU
	EndGlobalSection
	GlobalSection(SolutionProperties) = preSolution
		HideSolutionNode = FALSE
	EndGlobalSection
	GlobalSection(ExtensibilityGlobals) = postSolution
		SolutionGuid = {B36DB0A6-56EF-4C94-9761-6BFFCD214C3A}
	EndGlobalSection
EndGlobal
